# This file was autogenerated by Stack.
# You should not edit this file by hand.
# For more information, please see the documentation at:
#   https://docs.haskellstack.org/en/stable/lock_files

packages:
- completed:
    name: servant-server-base
    version: 0.1.0.0
    git: https://github.com/pankzsoft/servant-server-base.git
    pantry-tree:
      size: 1959
      sha256: 0b1f3267d9b16980bd89921f62ec577dbd1f6a44b256f7e8893c767c9bac7df9
    commit: 2a4469f708862293b5ddfb9ffede3141c2631d4e
  original:
    git: https://github.com/pankzsoft/servant-server-base.git
    commit: 2a4469f708862293b5ddfb9ffede3141c2631d4e
snapshots:
- completed:
    size: 586268
    url: https://raw.githubusercontent.com/commercialhaskell/stackage-snapshots/master/lts/18/13.yaml
    sha256: d9e658a22cfe8d87a64fdf219885f942fef5fe2bcb156a9800174911c5da2443
  original: lts-18.13
