# This file was autogenerated by Stack.
# You should not edit this file by hand.
# For more information, please see the documentation at:
#   https://docs.haskellstack.org/en/stable/lock_files

packages:
- completed:
    name: servant-server-base
    version: 0.1.0.0
    git: https://github.com/pankzsoft/servant-server-base.git
    pantry-tree:
      size: 1772
      sha256: f552c123b2bcb273877cff2c14a8d258f0001fbb5805fd45168049e1b755db08
    commit: c52529b0b1e89568b0134eb8bcaeb591bb737642
  original:
    git: https://github.com/pankzsoft/servant-server-base.git
    commit: c52529b0b1e89568b0134eb8bcaeb591bb737642
snapshots:
- completed:
    size: 532172
    url: https://raw.githubusercontent.com/commercialhaskell/stackage-snapshots/master/lts/16/18.yaml
    sha256: 4f2a092c6f4869854e8d7435ab98ce5157c641022c3cbfc4c4614ff3db752e62
  original: lts-16.18
