# This file was autogenerated by Stack.
# You should not edit this file by hand.
# For more information, please see the documentation at:
#   https://docs.haskellstack.org/en/stable/lock_files

packages:
- completed:
    name: shake-docker
    version: 0.1.0.0
    git: https://github.com/Pankzsoft/shaker.git
    pantry-tree:
      size: 741
      sha256: 32b94bbc368422d72de26c6f5ff2fbe3275d65905631d3db726e9284d1aa1107
    commit: 87f380aa233279a4f21a9c1514c58ba0dabded2a
  original:
    git: https://github.com/Pankzsoft/shaker.git
    commit: 87f380aa233279a4f21a9c1514c58ba0dabded2a
snapshots:
- completed:
    size: 565720
    url: https://raw.githubusercontent.com/commercialhaskell/stackage-snapshots/master/lts/17/8.yaml
    sha256: 76bf8992ff8dfe6eda9c02f81866138c2369344d5011ab39ae403457c4448b03
  original: lts-17.8
