# This file was autogenerated by Stack.
# You should not edit this file by hand.
# For more information, please see the documentation at:
#   https://docs.haskellstack.org/en/stable/lock_files

packages:
- completed:
    name: shake-docker
    version: 0.1.0.0
    git: https://github.com/Pankzsoft/shaker.git
    pantry-tree:
      size: 741
      sha256: 32b94bbc368422d72de26c6f5ff2fbe3275d65905631d3db726e9284d1aa1107
    commit: 87f380aa233279a4f21a9c1514c58ba0dabded2a
  original:
    git: https://github.com/Pankzsoft/shaker.git
    commit: 87f380aa233279a4f21a9c1514c58ba0dabded2a
snapshots:
- completed:
    size: 532172
    url: https://raw.githubusercontent.com/commercialhaskell/stackage-snapshots/master/lts/16/18.yaml
    sha256: 4f2a092c6f4869854e8d7435ab98ce5157c641022c3cbfc4c4614ff3db752e62
  original: lts-16.18
